// !$*UTF8*$!
{
	archiveVersion = 1;
	classes = {
	};
	objectVersion = 45;
	objects = {

/* Begin PBXAggregateTarget section */
		24416B8111C4CA220047AFDD /* Build & Test */ = {
			isa = PBXAggregateTarget;
			buildConfigurationList = 24416B8A11C4CA520047AFDD /* Build configuration list for PBXAggregateTarget "Build & Test" */;
			buildPhases = (
				24416B8011C4CA220047AFDD /* ShellScript */,
			);
			dependencies = (
				24416B8511C4CA280047AFDD /* PBXTargetDependency */,
			);
			name = "Build & Test";
			productName = "Build & test";
		};
/* End PBXAggregateTarget section */

/* Begin PBXBuildFile section */
		24DD6CF91134B3F500162E58 /* OrgUrishTitaniumMediaModule.h in Headers */ = {isa = PBXBuildFile; fileRef = 24DD6CF71134B3F500162E58 /* OrgUrishTitaniumMediaModule.h */; };
		24DD6CFA1134B3F500162E58 /* OrgUrishTitaniumMediaModule.m in Sources */ = {isa = PBXBuildFile; fileRef = 24DD6CF81134B3F500162E58 /* OrgUrishTitaniumMediaModule.m */; };
		24DE9E1111C5FE74003F90F6 /* OrgUrishTitaniumMediaModuleAssets.h in Headers */ = {isa = PBXBuildFile; fileRef = 24DE9E0F11C5FE74003F90F6 /* OrgUrishTitaniumMediaModuleAssets.h */; };
		24DE9E1211C5FE74003F90F6 /* OrgUrishTitaniumMediaModuleAssets.m in Sources */ = {isa = PBXBuildFile; fileRef = 24DE9E1011C5FE74003F90F6 /* OrgUrishTitaniumMediaModuleAssets.m */; };
		6F0FB32C14083364001BFC21 /* TiMediaAVCompositionProxy.h in Headers */ = {isa = PBXBuildFile; fileRef = 6F0FB32A14083363001BFC21 /* TiMediaAVCompositionProxy.h */; };
		6F0FB32D14083364001BFC21 /* TiMediaAVCompositionProxy.m in Sources */ = {isa = PBXBuildFile; fileRef = 6F0FB32B14083363001BFC21 /* TiMediaAVCompositionProxy.m */; };
		6F0FB33114086EBC001BFC21 /* TiMediaCMTimeProxy.h in Headers */ = {isa = PBXBuildFile; fileRef = 6F0FB32F14086EBB001BFC21 /* TiMediaCMTimeProxy.h */; };
		6F0FB33214086EBC001BFC21 /* TiMediaCMTimeProxy.m in Sources */ = {isa = PBXBuildFile; fileRef = 6F0FB33014086EBB001BFC21 /* TiMediaCMTimeProxy.m */; };
		6F0FB335140871B4001BFC21 /* TiMediaAVURLAssetProxy.h in Headers */ = {isa = PBXBuildFile; fileRef = 6F0FB333140871B4001BFC21 /* TiMediaAVURLAssetProxy.h */; };
		6F0FB336140871B4001BFC21 /* TiMediaAVURLAssetProxy.m in Sources */ = {isa = PBXBuildFile; fileRef = 6F0FB334140871B4001BFC21 /* TiMediaAVURLAssetProxy.m */; };
		6F0FB3391408733A001BFC21 /* TiMediaCMTimeRangeProxy.h in Headers */ = {isa = PBXBuildFile; fileRef = 6F0FB3371408733A001BFC21 /* TiMediaCMTimeRangeProxy.h */; };
		6F0FB33A1408733A001BFC21 /* TiMediaCMTimeRangeProxy.m in Sources */ = {isa = PBXBuildFile; fileRef = 6F0FB3381408733A001BFC21 /* TiMediaCMTimeRangeProxy.m */; };
		6F0FB33D14087527001BFC21 /* TiMediaAVCompositionTrackProxy.h in Headers */ = {isa = PBXBuildFile; fileRef = 6F0FB33B14087526001BFC21 /* TiMediaAVCompositionTrackProxy.h */; };
		6F0FB33E14087527001BFC21 /* TiMediaAVCompositionTrackProxy.m in Sources */ = {isa = PBXBuildFile; fileRef = 6F0FB33C14087526001BFC21 /* TiMediaAVCompositionTrackProxy.m */; };
		6F0FB3411408F3BC001BFC21 /* TiMediaAVAssetProxy.h in Headers */ = {isa = PBXBuildFile; fileRef = 6F0FB33F1408F3BB001BFC21 /* TiMediaAVAssetProxy.h */; };
		6F0FB3421408F3BC001BFC21 /* TiMediaAVAssetProxy.m in Sources */ = {isa = PBXBuildFile; fileRef = 6F0FB3401408F3BB001BFC21 /* TiMediaAVAssetProxy.m */; };
		6F0FB3451408F858001BFC21 /* TiMediaAVAssetExportSession.h in Headers */ = {isa = PBXBuildFile; fileRef = 6F0FB3431408F857001BFC21 /* TiMediaAVAssetExportSession.h */; };
		6F0FB3461408F858001BFC21 /* TiMediaAVAssetExportSession.m in Sources */ = {isa = PBXBuildFile; fileRef = 6F0FB3441408F857001BFC21 /* TiMediaAVAssetExportSession.m */; };
		6F89E908140AD2F500D3E4C0 /* TiMediaAVAudioMixInputParametersProxy.h in Headers */ = {isa = PBXBuildFile; fileRef = 6F89E906140AD2F500D3E4C0 /* TiMediaAVAudioMixInputParametersProxy.h */; };
		6F89E909140AD2F500D3E4C0 /* TiMediaAVAudioMixInputParametersProxy.m in Sources */ = {isa = PBXBuildFile; fileRef = 6F89E907140AD2F500D3E4C0 /* TiMediaAVAudioMixInputParametersProxy.m */; };
		6F89E912140AD6F800D3E4C0 /* TiMediaAVAudioMixProxy.h in Headers */ = {isa = PBXBuildFile; fileRef = 6F89E910140AD6F800D3E4C0 /* TiMediaAVAudioMixProxy.h */; };
		6F89E913140AD6F800D3E4C0 /* TiMediaAVAudioMixProxy.m in Sources */ = {isa = PBXBuildFile; fileRef = 6F89E911140AD6F800D3E4C0 /* TiMediaAVAudioMixProxy.m */; };
		AA747D9F0F9514B9006C5449 /* OrgUrishTitaniumMedia_Prefix.pch in Headers */ = {isa = PBXBuildFile; fileRef = AA747D9E0F9514B9006C5449 /* OrgUrishTitaniumMedia_Prefix.pch */; };
		AACBBE4A0F95108600F1A2B1 /* Foundation.framework in Frameworks */ = {isa = PBXBuildFile; fileRef = AACBBE490F95108600F1A2B1 /* Foundation.framework */; };
/* End PBXBuildFile section */

/* Begin PBXContainerItemProxy section */
		24416B8411C4CA280047AFDD /* PBXContainerItemProxy */ = {
			isa = PBXContainerItemProxy;
			containerPortal = 0867D690FE84028FC02AAC07 /* Project object */;
			proxyType = 1;
			remoteGlobalIDString = D2AAC07D0554694100DB518D;
			remoteInfo = timedia;
		};
/* End PBXContainerItemProxy section */

/* Begin PBXFileReference section */
		24DD6CF71134B3F500162E58 /* OrgUrishTitaniumMediaModule.h */ = {isa = PBXFileReference; fileEncoding = 4; lastKnownFileType = sourcecode.c.h; path = OrgUrishTitaniumMediaModule.h; sourceTree = "<group>"; };
		24DD6CF81134B3F500162E58 /* OrgUrishTitaniumMediaModule.m */ = {isa = PBXFileReference; fileEncoding = 4; lastKnownFileType = sourcecode.c.objc; path = OrgUrishTitaniumMediaModule.m; sourceTree = "<group>"; };
		24DD6D1B1134B66800162E58 /* titanium.xcconfig */ = {isa = PBXFileReference; fileEncoding = 4; lastKnownFileType = text.xcconfig; path = titanium.xcconfig; sourceTree = "<group>"; };
		24DE9E0F11C5FE74003F90F6 /* OrgUrishTitaniumMediaModuleAssets.h */ = {isa = PBXFileReference; fileEncoding = 4; lastKnownFileType = sourcecode.c.h; path = OrgUrishTitaniumMediaModuleAssets.h; sourceTree = "<group>"; };
		24DE9E1011C5FE74003F90F6 /* OrgUrishTitaniumMediaModuleAssets.m */ = {isa = PBXFileReference; fileEncoding = 4; lastKnownFileType = sourcecode.c.objc; path = OrgUrishTitaniumMediaModuleAssets.m; sourceTree = "<group>"; };
		6F0FB32A14083363001BFC21 /* TiMediaAVCompositionProxy.h */ = {isa = PBXFileReference; fileEncoding = 4; lastKnownFileType = sourcecode.c.h; path = TiMediaAVCompositionProxy.h; sourceTree = "<group>"; };
		6F0FB32B14083363001BFC21 /* TiMediaAVCompositionProxy.m */ = {isa = PBXFileReference; fileEncoding = 4; lastKnownFileType = sourcecode.c.objc; path = TiMediaAVCompositionProxy.m; sourceTree = "<group>"; };
		6F0FB32F14086EBB001BFC21 /* TiMediaCMTimeProxy.h */ = {isa = PBXFileReference; fileEncoding = 4; lastKnownFileType = sourcecode.c.h; path = TiMediaCMTimeProxy.h; sourceTree = "<group>"; };
		6F0FB33014086EBB001BFC21 /* TiMediaCMTimeProxy.m */ = {isa = PBXFileReference; fileEncoding = 4; lastKnownFileType = sourcecode.c.objc; path = TiMediaCMTimeProxy.m; sourceTree = "<group>"; };
		6F0FB333140871B4001BFC21 /* TiMediaAVURLAssetProxy.h */ = {isa = PBXFileReference; fileEncoding = 4; lastKnownFileType = sourcecode.c.h; path = TiMediaAVURLAssetProxy.h; sourceTree = "<group>"; };
		6F0FB334140871B4001BFC21 /* TiMediaAVURLAssetProxy.m */ = {isa = PBXFileReference; fileEncoding = 4; lastKnownFileType = sourcecode.c.objc; path = TiMediaAVURLAssetProxy.m; sourceTree = "<group>"; };
		6F0FB3371408733A001BFC21 /* TiMediaCMTimeRangeProxy.h */ = {isa = PBXFileReference; fileEncoding = 4; lastKnownFileType = sourcecode.c.h; path = TiMediaCMTimeRangeProxy.h; sourceTree = "<group>"; };
		6F0FB3381408733A001BFC21 /* TiMediaCMTimeRangeProxy.m */ = {isa = PBXFileReference; fileEncoding = 4; lastKnownFileType = sourcecode.c.objc; path = TiMediaCMTimeRangeProxy.m; sourceTree = "<group>"; };
		6F0FB33B14087526001BFC21 /* TiMediaAVCompositionTrackProxy.h */ = {isa = PBXFileReference; fileEncoding = 4; lastKnownFileType = sourcecode.c.h; path = TiMediaAVCompositionTrackProxy.h; sourceTree = "<group>"; };
		6F0FB33C14087526001BFC21 /* TiMediaAVCompositionTrackProxy.m */ = {isa = PBXFileReference; fileEncoding = 4; lastKnownFileType = sourcecode.c.objc; path = TiMediaAVCompositionTrackProxy.m; sourceTree = "<group>"; };
		6F0FB33F1408F3BB001BFC21 /* TiMediaAVAssetProxy.h */ = {isa = PBXFileReference; fileEncoding = 4; lastKnownFileType = sourcecode.c.h; path = TiMediaAVAssetProxy.h; sourceTree = "<group>"; };
		6F0FB3401408F3BB001BFC21 /* TiMediaAVAssetProxy.m */ = {isa = PBXFileReference; fileEncoding = 4; lastKnownFileType = sourcecode.c.objc; path = TiMediaAVAssetProxy.m; sourceTree = "<group>"; };
		6F0FB3431408F857001BFC21 /* TiMediaAVAssetExportSession.h */ = {isa = PBXFileReference; fileEncoding = 4; lastKnownFileType = sourcecode.c.h; path = TiMediaAVAssetExportSession.h; sourceTree = "<group>"; };
		6F0FB3441408F857001BFC21 /* TiMediaAVAssetExportSession.m */ = {isa = PBXFileReference; fileEncoding = 4; lastKnownFileType = sourcecode.c.objc; path = TiMediaAVAssetExportSession.m; sourceTree = "<group>"; };
		6F0FB3471409070E001BFC21 /* app.js */ = {isa = PBXFileReference; lastKnownFileType = sourcecode.javascript; name = app.js; path = example/app.js; sourceTree = "<group>"; };
		6F89E906140AD2F500D3E4C0 /* TiMediaAVAudioMixInputParametersProxy.h */ = {isa = PBXFileReference; fileEncoding = 4; lastKnownFileType = sourcecode.c.h; path = TiMediaAVAudioMixInputParametersProxy.h; sourceTree = "<group>"; };
		6F89E907140AD2F500D3E4C0 /* TiMediaAVAudioMixInputParametersProxy.m */ = {isa = PBXFileReference; fileEncoding = 4; lastKnownFileType = sourcecode.c.objc; path = TiMediaAVAudioMixInputParametersProxy.m; sourceTree = "<group>"; };
		6F89E90B140AD5CF00D3E4C0 /* manifest */ = {isa = PBXFileReference; fileEncoding = 4; lastKnownFileType = text; path = manifest; sourceTree = "<group>"; };
		6F89E910140AD6F800D3E4C0 /* TiMediaAVAudioMixProxy.h */ = {isa = PBXFileReference; fileEncoding = 4; lastKnownFileType = sourcecode.c.h; path = TiMediaAVAudioMixProxy.h; sourceTree = "<group>"; };
		6F89E911140AD6F800D3E4C0 /* TiMediaAVAudioMixProxy.m */ = {isa = PBXFileReference; fileEncoding = 4; lastKnownFileType = sourcecode.c.objc; path = TiMediaAVAudioMixProxy.m; sourceTree = "<group>"; };
		AA747D9E0F9514B9006C5449 /* OrgUrishTitaniumMedia_Prefix.pch */ = {isa = PBXFileReference; fileEncoding = 4; lastKnownFileType = sourcecode.c.h; path = OrgUrishTitaniumMedia_Prefix.pch; sourceTree = SOURCE_ROOT; };
		AACBBE490F95108600F1A2B1 /* Foundation.framework */ = {isa = PBXFileReference; lastKnownFileType = wrapper.framework; name = Foundation.framework; path = System/Library/Frameworks/Foundation.framework; sourceTree = SDKROOT; };
		D2AAC07E0554694100DB518D /* libOrgUrishTitaniumMedia.a */ = {isa = PBXFileReference; explicitFileType = archive.ar; includeInIndex = 0; path = libOrgUrishTitaniumMedia.a; sourceTree = BUILT_PRODUCTS_DIR; };
/* End PBXFileReference section */

/* Begin PBXFrameworksBuildPhase section */
		D2AAC07C0554694100DB518D /* Frameworks */ = {
			isa = PBXFrameworksBuildPhase;
			buildActionMask = 2147483647;
			files = (
				AACBBE4A0F95108600F1A2B1 /* Foundation.framework in Frameworks */,
			);
			runOnlyForDeploymentPostprocessing = 0;
		};
/* End PBXFrameworksBuildPhase section */

/* Begin PBXGroup section */
		034768DFFF38A50411DB9C8B /* Products */ = {
			isa = PBXGroup;
			children = (
				D2AAC07E0554694100DB518D /* libOrgUrishTitaniumMedia.a */,
			);
			name = Products;
			sourceTree = "<group>";
		};
		0867D691FE84028FC02AAC07 /* timedia */ = {
			isa = PBXGroup;
			children = (
				08FB77AEFE84172EC02AAC07 /* Classes */,
				32C88DFF0371C24200C91783 /* Other Sources */,
				0867D69AFE84028FC02AAC07 /* Frameworks */,
				034768DFFF38A50411DB9C8B /* Products */,
			);
			name = timedia;
			sourceTree = "<group>";
		};
		0867D69AFE84028FC02AAC07 /* Frameworks */ = {
			isa = PBXGroup;
			children = (
				AACBBE490F95108600F1A2B1 /* Foundation.framework */,
			);
			name = Frameworks;
			sourceTree = "<group>";
		};
		08FB77AEFE84172EC02AAC07 /* Classes */ = {
			isa = PBXGroup;
			children = (
				24DE9E0F11C5FE74003F90F6 /* OrgUrishTitaniumMediaModuleAssets.h */,
				24DE9E1011C5FE74003F90F6 /* OrgUrishTitaniumMediaModuleAssets.m */,
				24DD6CF71134B3F500162E58 /* OrgUrishTitaniumMediaModule.h */,
				24DD6CF81134B3F500162E58 /* OrgUrishTitaniumMediaModule.m */,
				6F0FB3431408F857001BFC21 /* TiMediaAVAssetExportSession.h */,
				6F0FB3441408F857001BFC21 /* TiMediaAVAssetExportSession.m */,
				6F0FB32F14086EBB001BFC21 /* TiMediaCMTimeProxy.h */,
				6F0FB33014086EBB001BFC21 /* TiMediaCMTimeProxy.m */,
				6F0FB32A14083363001BFC21 /* TiMediaAVCompositionProxy.h */,
				6F0FB32B14083363001BFC21 /* TiMediaAVCompositionProxy.m */,
				6F0FB33B14087526001BFC21 /* TiMediaAVCompositionTrackProxy.h */,
				6F0FB33C14087526001BFC21 /* TiMediaAVCompositionTrackProxy.m */,
				6F0FB333140871B4001BFC21 /* TiMediaAVURLAssetProxy.h */,
				6F0FB334140871B4001BFC21 /* TiMediaAVURLAssetProxy.m */,
				6F0FB3371408733A001BFC21 /* TiMediaCMTimeRangeProxy.h */,
				6F0FB3381408733A001BFC21 /* TiMediaCMTimeRangeProxy.m */,
				6F0FB33F1408F3BB001BFC21 /* TiMediaAVAssetProxy.h */,
				6F0FB3401408F3BB001BFC21 /* TiMediaAVAssetProxy.m */,
				6F89E906140AD2F500D3E4C0 /* TiMediaAVAudioMixInputParametersProxy.h */,
				6F89E907140AD2F500D3E4C0 /* TiMediaAVAudioMixInputParametersProxy.m */,
				6F89E910140AD6F800D3E4C0 /* TiMediaAVAudioMixProxy.h */,
				6F89E911140AD6F800D3E4C0 /* TiMediaAVAudioMixProxy.m */,
			);
			path = Classes;
			sourceTree = "<group>";
		};
		32C88DFF0371C24200C91783 /* Other Sources */ = {
			isa = PBXGroup;
			children = (
				6F89E90B140AD5CF00D3E4C0 /* manifest */,
				AA747D9E0F9514B9006C5449 /* OrgUrishTitaniumMedia_Prefix.pch */,
				6F0FB3471409070E001BFC21 /* app.js */,
				24DD6D1B1134B66800162E58 /* titanium.xcconfig */,
			);
			name = "Other Sources";
			sourceTree = "<group>";
		};
/* End PBXGroup section */

/* Begin PBXHeadersBuildPhase section */
		D2AAC07A0554694100DB518D /* Headers */ = {
			isa = PBXHeadersBuildPhase;
			buildActionMask = 2147483647;
			files = (
				AA747D9F0F9514B9006C5449 /* OrgUrishTitaniumMedia_Prefix.pch in Headers */,
				24DD6CF91134B3F500162E58 /* OrgUrishTitaniumMediaModule.h in Headers */,
				24DE9E1111C5FE74003F90F6 /* OrgUrishTitaniumMediaModuleAssets.h in Headers */,
				6F0FB32C14083364001BFC21 /* TiMediaAVCompositionProxy.h in Headers */,
				6F0FB33114086EBC001BFC21 /* TiMediaCMTimeProxy.h in Headers */,
				6F0FB335140871B4001BFC21 /* TiMediaAVURLAssetProxy.h in Headers */,
				6F0FB3391408733A001BFC21 /* TiMediaCMTimeRangeProxy.h in Headers */,
				6F0FB33D14087527001BFC21 /* TiMediaAVCompositionTrackProxy.h in Headers */,
				6F0FB3411408F3BC001BFC21 /* TiMediaAVAssetProxy.h in Headers */,
				6F0FB3451408F858001BFC21 /* TiMediaAVAssetExportSession.h in Headers */,
				6F89E908140AD2F500D3E4C0 /* TiMediaAVAudioMixInputParametersProxy.h in Headers */,
				6F89E912140AD6F800D3E4C0 /* TiMediaAVAudioMixProxy.h in Headers */,
			);
			runOnlyForDeploymentPostprocessing = 0;
		};
/* End PBXHeadersBuildPhase section */

/* Begin PBXNativeTarget section */
		D2AAC07D0554694100DB518D /* timedia */ = {
			isa = PBXNativeTarget;
			buildConfigurationList = 1DEB921E08733DC00010E9CD /* Build configuration list for PBXNativeTarget "timedia" */;
			buildPhases = (
				D2AAC07A0554694100DB518D /* Headers */,
				D2AAC07B0554694100DB518D /* Sources */,
				D2AAC07C0554694100DB518D /* Frameworks */,
			);
			buildRules = (
			);
			dependencies = (
			);
			name = timedia;
			productName = timedia;
			productReference = D2AAC07E0554694100DB518D /* libOrgUrishTitaniumMedia.a */;
			productType = "com.apple.product-type.library.static";
		};
/* End PBXNativeTarget section */

/* Begin PBXProject section */
		0867D690FE84028FC02AAC07 /* Project object */ = {
			isa = PBXProject;
			buildConfigurationList = 1DEB922208733DC00010E9CD /* Build configuration list for PBXProject "timedia" */;
			compatibilityVersion = "Xcode 3.1";
			developmentRegion = English;
			hasScannedForEncodings = 1;
			knownRegions = (
				English,
				Japanese,
				French,
				German,
			);
			mainGroup = 0867D691FE84028FC02AAC07 /* timedia */;
			productRefGroup = 034768DFFF38A50411DB9C8B /* Products */;
			projectDirPath = "";
			projectRoot = "";
			targets = (
				D2AAC07D0554694100DB518D /* timedia */,
				24416B8111C4CA220047AFDD /* Build & Test */,
			);
		};
/* End PBXProject section */

/* Begin PBXShellScriptBuildPhase section */
		24416B8011C4CA220047AFDD /* ShellScript */ = {
			isa = PBXShellScriptBuildPhase;
			buildActionMask = 2147483647;
			files = (
			);
			inputPaths = (
			);
			outputPaths = (
			);
			runOnlyForDeploymentPostprocessing = 0;
			shellPath = /bin/sh;
			shellScript = "# shell script goes here\n\npython \"${TITANIUM_SDK}/titanium.py\" run --dir=\"${PROJECT_DIR}\"\nexit $?\n";
		};
/* End PBXShellScriptBuildPhase section */

/* Begin PBXSourcesBuildPhase section */
		D2AAC07B0554694100DB518D /* Sources */ = {
			isa = PBXSourcesBuildPhase;
			buildActionMask = 2147483647;
			files = (
				24DD6CFA1134B3F500162E58 /* OrgUrishTitaniumMediaModule.m in Sources */,
				24DE9E1211C5FE74003F90F6 /* OrgUrishTitaniumMediaModuleAssets.m in Sources */,
				6F0FB32D14083364001BFC21 /* TiMediaAVCompositionProxy.m in Sources */,
				6F0FB33214086EBC001BFC21 /* TiMediaCMTimeProxy.m in Sources */,
				6F0FB336140871B4001BFC21 /* TiMediaAVURLAssetProxy.m in Sources */,
				6F0FB33A1408733A001BFC21 /* TiMediaCMTimeRangeProxy.m in Sources */,
				6F0FB33E14087527001BFC21 /* TiMediaAVCompositionTrackProxy.m in Sources */,
				6F0FB3421408F3BC001BFC21 /* TiMediaAVAssetProxy.m in Sources */,
				6F0FB3461408F858001BFC21 /* TiMediaAVAssetExportSession.m in Sources */,
				6F89E909140AD2F500D3E4C0 /* TiMediaAVAudioMixInputParametersProxy.m in Sources */,
				6F89E913140AD6F800D3E4C0 /* TiMediaAVAudioMixProxy.m in Sources */,
			);
			runOnlyForDeploymentPostprocessing = 0;
		};
/* End PBXSourcesBuildPhase section */

/* Begin PBXTargetDependency section */
		24416B8511C4CA280047AFDD /* PBXTargetDependency */ = {
			isa = PBXTargetDependency;
			target = D2AAC07D0554694100DB518D /* timedia */;
			targetProxy = 24416B8411C4CA280047AFDD /* PBXContainerItemProxy */;
		};
/* End PBXTargetDependency section */

/* Begin XCBuildConfiguration section */
		1DEB921F08733DC00010E9CD /* Debug */ = {
			isa = XCBuildConfiguration;
			baseConfigurationReference = 24DD6D1B1134B66800162E58 /* titanium.xcconfig */;
			buildSettings = {
				ALWAYS_SEARCH_USER_PATHS = NO;
				ARCHS = "$(ARCHS_STANDARD_32_BIT)";
				COPY_PHASE_STRIP = NO;
				DSTROOT = /tmp/OrgUrishTitaniumMedia.dst;
				GCC_DYNAMIC_NO_PIC = NO;
				GCC_ENABLE_FIX_AND_CONTINUE = YES;
				GCC_MODEL_TUNING = G5;
				GCC_OPTIMIZATION_LEVEL = 0;
				GCC_PRECOMPILE_PREFIX_HEADER = YES;
				GCC_PREFIX_HEADER = OrgUrishTitaniumMedia_Prefix.pch;
				INSTALL_PATH = /usr/local/lib;
				PRODUCT_NAME = OrgUrishTitaniumMedia;
			};
			name = Debug;
		};
		1DEB922008733DC00010E9CD /* Release */ = {
			isa = XCBuildConfiguration;
			baseConfigurationReference = 24DD6D1B1134B66800162E58 /* titanium.xcconfig */;
			buildSettings = {
				ALWAYS_SEARCH_USER_PATHS = NO;
				ARCHS = "$(ARCHS_STANDARD_32_BIT)";
				DSTROOT = /tmp/OrgUrishTitaniumMedia.dst;
				GCC_MODEL_TUNING = G5;
				GCC_PRECOMPILE_PREFIX_HEADER = YES;
				GCC_PREFIX_HEADER = OrgUrishTitaniumMedia_Prefix.pch;
				INSTALL_PATH = /usr/local/lib;
				PRODUCT_NAME = OrgUrishTitaniumMedia;
			};
			name = Release;
		};
		1DEB922308733DC00010E9CD /* Debug */ = {
			isa = XCBuildConfiguration;
			baseConfigurationReference = 24DD6D1B1134B66800162E58 /* titanium.xcconfig */;
			buildSettings = {
				ARCHS = "$(ARCHS_STANDARD_32_BIT)";
				GCC_C_LANGUAGE_STANDARD = c99;
				GCC_OPTIMIZATION_LEVEL = 0;
				GCC_WARN_ABOUT_RETURN_TYPE = YES;
				GCC_WARN_UNUSED_VARIABLE = YES;
				OTHER_LDFLAGS = "";
				PREBINDING = NO;
				SDKROOT = iphoneos4.0;
			};
			name = Debug;
		};
		1DEB922408733DC00010E9CD /* Release */ = {
			isa = XCBuildConfiguration;
			baseConfigurationReference = 24DD6D1B1134B66800162E58 /* titanium.xcconfig */;
			buildSettings = {
				ARCHS = "$(ARCHS_STANDARD_32_BIT)";
				GCC_C_LANGUAGE_STANDARD = c99;
				GCC_WARN_ABOUT_RETURN_TYPE = YES;
				GCC_WARN_UNUSED_VARIABLE = YES;
				OTHER_LDFLAGS = "";
				PREBINDING = NO;
				SDKROOT = iphoneos4.0;
			};
			name = Release;
		};
		24416B8211C4CA220047AFDD /* Debug */ = {
			isa = XCBuildConfiguration;
			baseConfigurationReference = 24DD6D1B1134B66800162E58 /* titanium.xcconfig */;
			buildSettings = {
				COPY_PHASE_STRIP = NO;
				GCC_DYNAMIC_NO_PIC = NO;
				GCC_OPTIMIZATION_LEVEL = 0;
				PRODUCT_NAME = "Build & test";
			};
			name = Debug;
		};
		24416B8311C4CA220047AFDD /* Release */ = {
			isa = XCBuildConfiguration;
			baseConfigurationReference = 24DD6D1B1134B66800162E58 /* titanium.xcconfig */;
			buildSettings = {
				COPY_PHASE_STRIP = YES;
				DEBUG_INFORMATION_FORMAT = "dwarf-with-dsym";
				GCC_ENABLE_FIX_AND_CONTINUE = NO;
				PRODUCT_NAME = "Build & test";
				ZERO_LINK = NO;
			};
			name = Release;
		};
/* End XCBuildConfiguration section */

/* Begin XCConfigurationList section */
		1DEB921E08733DC00010E9CD /* Build configuration list for PBXNativeTarget "timedia" */ = {
			isa = XCConfigurationList;
			buildConfigurations = (
				1DEB921F08733DC00010E9CD /* Debug */,
				1DEB922008733DC00010E9CD /* Release */,
			);
			defaultConfigurationIsVisible = 0;
			defaultConfigurationName = Release;
		};
		1DEB922208733DC00010E9CD /* Build configuration list for PBXProject "timedia" */ = {
			isa = XCConfigurationList;
			buildConfigurations = (
				1DEB922308733DC00010E9CD /* Debug */,
				1DEB922408733DC00010E9CD /* Release */,
			);
			defaultConfigurationIsVisible = 0;
			defaultConfigurationName = Release;
		};
		24416B8A11C4CA520047AFDD /* Build configuration list for PBXAggregateTarget "Build & Test" */ = {
			isa = XCConfigurationList;
			buildConfigurations = (
				24416B8211C4CA220047AFDD /* Debug */,
				24416B8311C4CA220047AFDD /* Release */,
			);
			defaultConfigurationIsVisible = 0;
			defaultConfigurationName = Release;
		};
/* End XCConfigurationList section */
	};
	rootObject = 0867D690FE84028FC02AAC07 /* Project object */;
}
